
Microsoft Visual Studio Solution File, Format Version 12.00
# Visual Studio Version 17
VisualStudioVersion = 17.3.32519.111
MinimumVisualStudioVersion = 10.0.40219.1
Project("{9A19103F-16F7-4668-BE54-9A1E7A4F7556}") = "ActorConsole.Core", "ActorConsole.Core\ActorConsole.Core.csproj", "{58228458-C1A9-4052-BA3D-05A357F3C417}"
EndProject
Project("{9A19103F-16F7-4668-BE54-9A1E7A4F7556}") = "ActorConsole.CLI", "ActorConsole.CLI\ActorConsole.CLI.csproj", "{280F1D33-D326-44ED-BA6A-EF71A5F4616D}"
EndProject
Project("{9A19103F-16F7-4668-BE54-9A1E7A4F7556}") = "ActorConsole.GUI", "ActorConsole.GUI\ActorConsole.GUI.csproj", "{E9B808C2-E628-4CCB-93D3-E580CFE81C25}"
EndProject
Global
	GlobalSection(SolutionConfigurationPlatforms) = preSolution
		Debug|Any CPU = Debug|Any CPU
		Debug|x86 = Debug|x86
		Release|Any CPU = Release|Any CPU
		Release|x86 = Release|x86
	EndGlobalSection
	GlobalSection(ProjectConfigurationPlatforms) = postSolution
		{58228458-C1A9-4052-BA3D-05A357F3C417}.Debug|Any CPU.ActiveCfg = Debug|x86
		{58228458-C1A9-4052-BA3D-05A357F3C417}.Debug|x86.ActiveCfg = Debug|x86
		{58228458-C1A9-4052-BA3D-05A357F3C417}.Debug|x86.Build.0 = Debug|x86
		{58228458-C1A9-4052-BA3D-05A357F3C417}.Release|Any CPU.ActiveCfg = Release|x86
		{58228458-C1A9-4052-BA3D-05A357F3C417}.Release|x86.ActiveCfg = Release|x86
		{58228458-C1A9-4052-BA3D-05A357F3C417}.Release|x86.Build.0 = Release|x86
		{280F1D33-D326-44ED-BA6A-EF71A5F4616D}.Debug|Any CPU.ActiveCfg = Debug|x86
		{280F1D33-D326-44ED-BA6A-EF71A5F4616D}.Debug|x86.ActiveCfg = Debug|x86
		{280F1D33-D326-44ED-BA6A-EF71A5F4616D}.Debug|x86.Build.0 = Debug|x86
		{280F1D33-D326-44ED-BA6A-EF71A5F4616D}.Release|Any CPU.ActiveCfg = Release|x86
		{280F1D33-D326-44ED-BA6A-EF71A5F4616D}.Release|x86.ActiveCfg = Release|x86
		{280F1D33-D326-44ED-BA6A-EF71A5F4616D}.Release|x86.Build.0 = Release|x86
		{E9B808C2-E628-4CCB-93D3-E580CFE81C25}.Debug|Any CPU.ActiveCfg = Debug|x86
		{E9B808C2-E628-4CCB-93D3-E580CFE81C25}.Debug|Any CPU.Build.0 = Debug|x86
		{E9B808C2-E628-4CCB-93D3-E580CFE81C25}.Debug|x86.ActiveCfg = Debug|x86
		{E9B808C2-E628-4CCB-93D3-E580CFE81C25}.Debug|x86.Build.0 = Debug|x86
		{E9B808C2-E628-4CCB-93D3-E580CFE81C25}.Release|Any CPU.ActiveCfg = Release|Any CPU
		{E9B808C2-E628-4CCB-93D3-E580CFE81C25}.Release|Any CPU.Build.0 = Release|Any CPU
		{E9B808C2-E628-4CCB-93D3-E580CFE81C25}.Release|x86.ActiveCfg = Release|x86
		{E9B808C2-E628-4CCB-93D3-E580CFE81C25}.Release|x86.Build.0 = Release|x86
	EndGlobalSection
	GlobalSection(SolutionProperties) = preSolution
		HideSolutionNode = FALSE
	EndGlobalSection
	GlobalSection(ExtensibilityGlobals) = postSolution
		SolutionGuid = {54774779-399B-4AE7-A7E0-CC3CF5CFE0AF}
	EndGlobalSection
EndGlobal
